<Solution>
  <Folder Name="/Itens de Solução/">
    <File Path=".gitignore" />
    <File Path="README.md" />
    <File Path="ZonaVermelha.Frontend/app.js" />
    <File Path="ZonaVermelha.Frontend/index.html" />
    <File Path="ZonaVermelha.Frontend/style.css" />
  </Folder>
  <Project Path="ZonaVermelha.API/ZonaVermelha.API.csproj" />
  <Project Path="ZonaVermelha.Communication/ZonaVermelha.Communication.csproj" />
  <Project Path="ZonaVermelha.Domain/ZonaVermelha.Domain.csproj" />
  <Project Path="ZonaVermelha.Infrastructure/ZonaVermelha.Infrastructure.csproj" />
</Solution>
